
Microsoft Visual Studio Solution File, Format Version 12.00
# Visual Studio Version 16
VisualStudioVersion = 16.0.29519.181
MinimumVisualStudioVersion = 10.0.40219.1
Project("{FAE04EC0-301F-11D3-BF4B-00C04F79EFBC}") = "OnlineTrainTicketBooking", "OnlineTrainTicketBooking.csproj", "{DB41BFDA-1062-46B1-BB7A-1903827DA348}"
EndProject
Global
	GlobalSection(SolutionConfigurationPlatforms) = preSolution
		Debug|Any CPU = Debug|Any CPU
		Release|Any CPU = Release|Any CPU
	EndGlobalSection
	GlobalSection(ProjectConfigurationPlatforms) = postSolution
		{DB41BFDA-1062-46B1-BB7A-1903827DA348}.Debug|Any CPU.ActiveCfg = Debug|Any CPU
		{DB41BFDA-1062-46B1-BB7A-1903827DA348}.Debug|Any CPU.Build.0 = Debug|Any CPU
		{DB41BFDA-1062-46B1-BB7A-1903827DA348}.Release|Any CPU.ActiveCfg = Release|Any CPU
		{DB41BFDA-1062-46B1-BB7A-1903827DA348}.Release|Any CPU.Build.0 = Release|Any CPU
	EndGlobalSection
	GlobalSection(SolutionProperties) = preSolution
		HideSolutionNode = FALSE
	EndGlobalSection
	GlobalSection(ExtensibilityGlobals) = postSolution
		SolutionGuid = {845A855A-1C98-449E-BACA-391A98C1927A}
	EndGlobalSection
EndGlobal
